
Microsoft Visual Studio Solution File, Format Version 12.00
# Visual Studio Version 17
VisualStudioVersion = 17.0.31919.166
MinimumVisualStudioVersion = 10.0.40219.1
Project("{9A19103F-16F7-4668-BE54-9A1E7A4F7556}") = "RosaBot.Application", "RosaBot\RosaBot.Application.csproj", "{BBC9CA2C-B74D-4BA6-BBD4-3C1C42745EE7}"
EndProject
Project("{9A19103F-16F7-4668-BE54-9A1E7A4F7556}") = "RosaBot.Commands", "RosaBot.Commands\RosaBot.Commands.csproj", "{3D6AF222-F190-4789-A49B-47480B465028}"
EndProject
Project("{FAE04EC0-301F-11D3-BF4B-00C04F79EFBC}") = "RosaBot.Shared", "RosaBot.Shared\RosaBot.Shared.csproj", "{F5FDE329-8004-4C18-81EC-EF1AE381CF36}"
EndProject
Project("{FAE04EC0-301F-11D3-BF4B-00C04F79EFBC}") = "RosaBot.IoC", "RosaBot.IoC\RosaBot.IoC.csproj", "{BF05A891-CA98-4147-A7F1-5605CAFDC487}"
EndProject
Project("{2150E333-8FDC-42A3-9474-1A3956D46DE8}") = "Solution Items", "Solution Items", "{E306BF4A-4BF2-43EB-B5FC-2DE9AF822F69}"
	ProjectSection(SolutionItems) = preProject
		.editorconfig = .editorconfig
	EndProjectSection
EndProject
Project("{2150E333-8FDC-42A3-9474-1A3956D46DE8}") = "1 - Application", "1 - Application", "{A74AE3A4-87E0-476D-8C7E-C6A06B273308}"
EndProject
Project("{2150E333-8FDC-42A3-9474-1A3956D46DE8}") = "2 - Services", "2 - Services", "{70D8BA87-F4E5-4C95-B9B1-C753643ECB49}"
EndProject
Project("{FAE04EC0-301F-11D3-BF4B-00C04F79EFBC}") = "RosaBot.Services", "RosaBot.Services\RosaBot.Services.csproj", "{D8B17303-CD60-427E-A4D0-7F19CE955A8C}"
EndProject
Project("{2150E333-8FDC-42A3-9474-1A3956D46DE8}") = "3 - Domain", "3 - Domain", "{9ADA5677-D885-428C-9049-4038D74D37A7}"
EndProject
Project("{FAE04EC0-301F-11D3-BF4B-00C04F79EFBC}") = "RosaBot.Domain", "RosaBot.Domain\RosaBot.Domain.csproj", "{C66C0728-FF53-41B3-B551-1CB14AD162E4}"
EndProject
Project("{2150E333-8FDC-42A3-9474-1A3956D46DE8}") = "4 - Commands", "4 - Commands", "{968AD9B9-5889-436F-8BDE-1359FE4EEA47}"
EndProject
Project("{2150E333-8FDC-42A3-9474-1A3956D46DE8}") = "7 - Shared", "7 - Shared", "{6D56080E-A5C8-4DEB-B281-7D152A1EF316}"
EndProject
Project("{2150E333-8FDC-42A3-9474-1A3956D46DE8}") = "6 - IoC", "6 - IoC", "{0A5B498F-3EF9-4C27-A66B-FC3E642369E1}"
EndProject
Project("{2150E333-8FDC-42A3-9474-1A3956D46DE8}") = "5 - Infrastructure", "5 - Infrastructure", "{DF8EFFD4-342E-44F0-ADE4-AAE185CC9DB0}"
EndProject
Project("{FAE04EC0-301F-11D3-BF4B-00C04F79EFBC}") = "RosaBot.Infrastructure.ExternalServices", "RosaBot.Infrastructure.ExternalServices\RosaBot.Infrastructure.ExternalServices.csproj", "{28B67FDC-49CF-4904-9F23-2425E2D40D1D}"
EndProject
Global
	GlobalSection(SolutionConfigurationPlatforms) = preSolution
		Debug|Any CPU = Debug|Any CPU
		Release|Any CPU = Release|Any CPU
	EndGlobalSection
	GlobalSection(ProjectConfigurationPlatforms) = postSolution
		{BBC9CA2C-B74D-4BA6-BBD4-3C1C42745EE7}.Debug|Any CPU.ActiveCfg = Debug|Any CPU
		{BBC9CA2C-B74D-4BA6-BBD4-3C1C42745EE7}.Debug|Any CPU.Build.0 = Debug|Any CPU
		{BBC9CA2C-B74D-4BA6-BBD4-3C1C42745EE7}.Release|Any CPU.ActiveCfg = Release|Any CPU
		{BBC9CA2C-B74D-4BA6-BBD4-3C1C42745EE7}.Release|Any CPU.Build.0 = Release|Any CPU
		{3D6AF222-F190-4789-A49B-47480B465028}.Debug|Any CPU.ActiveCfg = Debug|Any CPU
		{3D6AF222-F190-4789-A49B-47480B465028}.Debug|Any CPU.Build.0 = Debug|Any CPU
		{3D6AF222-F190-4789-A49B-47480B465028}.Release|Any CPU.ActiveCfg = Release|Any CPU
		{3D6AF222-F190-4789-A49B-47480B465028}.Release|Any CPU.Build.0 = Release|Any CPU
		{F5FDE329-8004-4C18-81EC-EF1AE381CF36}.Debug|Any CPU.ActiveCfg = Debug|Any CPU
		{F5FDE329-8004-4C18-81EC-EF1AE381CF36}.Debug|Any CPU.Build.0 = Debug|Any CPU
		{F5FDE329-8004-4C18-81EC-EF1AE381CF36}.Release|Any CPU.ActiveCfg = Release|Any CPU
		{F5FDE329-8004-4C18-81EC-EF1AE381CF36}.Release|Any CPU.Build.0 = Release|Any CPU
		{BF05A891-CA98-4147-A7F1-5605CAFDC487}.Debug|Any CPU.ActiveCfg = Debug|Any CPU
		{BF05A891-CA98-4147-A7F1-5605CAFDC487}.Debug|Any CPU.Build.0 = Debug|Any CPU
		{BF05A891-CA98-4147-A7F1-5605CAFDC487}.Release|Any CPU.ActiveCfg = Release|Any CPU
		{BF05A891-CA98-4147-A7F1-5605CAFDC487}.Release|Any CPU.Build.0 = Release|Any CPU
		{D8B17303-CD60-427E-A4D0-7F19CE955A8C}.Debug|Any CPU.ActiveCfg = Debug|Any CPU
		{D8B17303-CD60-427E-A4D0-7F19CE955A8C}.Debug|Any CPU.Build.0 = Debug|Any CPU
		{D8B17303-CD60-427E-A4D0-7F19CE955A8C}.Release|Any CPU.ActiveCfg = Release|Any CPU
		{D8B17303-CD60-427E-A4D0-7F19CE955A8C}.Release|Any CPU.Build.0 = Release|Any CPU
		{C66C0728-FF53-41B3-B551-1CB14AD162E4}.Debug|Any CPU.ActiveCfg = Debug|Any CPU
		{C66C0728-FF53-41B3-B551-1CB14AD162E4}.Debug|Any CPU.Build.0 = Debug|Any CPU
		{C66C0728-FF53-41B3-B551-1CB14AD162E4}.Release|Any CPU.ActiveCfg = Release|Any CPU
		{C66C0728-FF53-41B3-B551-1CB14AD162E4}.Release|Any CPU.Build.0 = Release|Any CPU
		{28B67FDC-49CF-4904-9F23-2425E2D40D1D}.Debug|Any CPU.ActiveCfg = Debug|Any CPU
		{28B67FDC-49CF-4904-9F23-2425E2D40D1D}.Debug|Any CPU.Build.0 = Debug|Any CPU
		{28B67FDC-49CF-4904-9F23-2425E2D40D1D}.Release|Any CPU.ActiveCfg = Release|Any CPU
		{28B67FDC-49CF-4904-9F23-2425E2D40D1D}.Release|Any CPU.Build.0 = Release|Any CPU
	EndGlobalSection
	GlobalSection(SolutionProperties) = preSolution
		HideSolutionNode = FALSE
	EndGlobalSection
	GlobalSection(NestedProjects) = preSolution
		{BBC9CA2C-B74D-4BA6-BBD4-3C1C42745EE7} = {A74AE3A4-87E0-476D-8C7E-C6A06B273308}
		{3D6AF222-F190-4789-A49B-47480B465028} = {968AD9B9-5889-436F-8BDE-1359FE4EEA47}
		{F5FDE329-8004-4C18-81EC-EF1AE381CF36} = {6D56080E-A5C8-4DEB-B281-7D152A1EF316}
		{BF05A891-CA98-4147-A7F1-5605CAFDC487} = {0A5B498F-3EF9-4C27-A66B-FC3E642369E1}
		{D8B17303-CD60-427E-A4D0-7F19CE955A8C} = {70D8BA87-F4E5-4C95-B9B1-C753643ECB49}
		{C66C0728-FF53-41B3-B551-1CB14AD162E4} = {9ADA5677-D885-428C-9049-4038D74D37A7}
		{28B67FDC-49CF-4904-9F23-2425E2D40D1D} = {DF8EFFD4-342E-44F0-ADE4-AAE185CC9DB0}
	EndGlobalSection
	GlobalSection(ExtensibilityGlobals) = postSolution
		SolutionGuid = {1342A836-16C2-4BE2-A8E9-4120EC6F0241}
	EndGlobalSection
EndGlobal
