
Microsoft Visual Studio Solution File, Format Version 12.00
# Visual Studio Version 16
VisualStudioVersion = 16.0.30320.27
MinimumVisualStudioVersion = 10.0.40219.1
Project("{9A19103F-16F7-4668-BE54-9A1E7A4F7556}") = "RosaBot.Application", "RosaBot\RosaBot.Application.csproj", "{BBC9CA2C-B74D-4BA6-BBD4-3C1C42745EE7}"
EndProject
Project("{FAE04EC0-301F-11D3-BF4B-00C04F79EFBC}") = "RosaBot.Commands", "RosaBot.Commands\RosaBot.Commands.csproj", "{3D6AF222-F190-4789-A49B-47480B465028}"
EndProject
Global
	GlobalSection(SolutionConfigurationPlatforms) = preSolution
		Debug|Any CPU = Debug|Any CPU
		Release|Any CPU = Release|Any CPU
	EndGlobalSection
	GlobalSection(ProjectConfigurationPlatforms) = postSolution
		{BBC9CA2C-B74D-4BA6-BBD4-3C1C42745EE7}.Debug|Any CPU.ActiveCfg = Debug|Any CPU
		{BBC9CA2C-B74D-4BA6-BBD4-3C1C42745EE7}.Debug|Any CPU.Build.0 = Debug|Any CPU
		{BBC9CA2C-B74D-4BA6-BBD4-3C1C42745EE7}.Release|Any CPU.ActiveCfg = Release|Any CPU
		{BBC9CA2C-B74D-4BA6-BBD4-3C1C42745EE7}.Release|Any CPU.Build.0 = Release|Any CPU
		{3D6AF222-F190-4789-A49B-47480B465028}.Debug|Any CPU.ActiveCfg = Debug|Any CPU
		{3D6AF222-F190-4789-A49B-47480B465028}.Debug|Any CPU.Build.0 = Debug|Any CPU
		{3D6AF222-F190-4789-A49B-47480B465028}.Release|Any CPU.ActiveCfg = Release|Any CPU
		{3D6AF222-F190-4789-A49B-47480B465028}.Release|Any CPU.Build.0 = Release|Any CPU
	EndGlobalSection
	GlobalSection(SolutionProperties) = preSolution
		HideSolutionNode = FALSE
	EndGlobalSection
	GlobalSection(ExtensibilityGlobals) = postSolution
		SolutionGuid = {1342A836-16C2-4BE2-A8E9-4120EC6F0241}
	EndGlobalSection
EndGlobal
